PODS:
  - HotKey (0.1.1)
  - Magnet (2.3.1)

DEPENDENCIES:
  - HotKey (~> 0.1.1)
  - Magnet (~> 2.3.1)

SPEC REPOS:
  https://github.com/cocoapods/specs.git:
    - HotKey
    - Magnet

SPEC CHECKSUMS:
  HotKey: 0be143fd015544a63c51be6dc2066dbf455ced72
  Magnet: f8dac2ffc845ffe68b2dd21c68a801f866f4a098

PODFILE CHECKSUM: 10557e37f2d9e846209e4119f81dbf4ed435a873

COCOAPODS: 1.7.1
