PODS:
  - HotKey (0.1.1)
  - LaunchAtLogin (2.5.0)
  - Magnet (2.3.1)

DEPENDENCIES:
  - HotKey (~> 0.1.1)
  - LaunchAtLogin (~> 2.5.0)
  - Magnet (~> 2.3.1)

SPEC REPOS:
  https://github.com/cocoapods/specs.git:
    - HotKey
    - LaunchAtLogin
    - Magnet

SPEC CHECKSUMS:
  HotKey: 0be143fd015544a63c51be6dc2066dbf455ced72
  LaunchAtLogin: 550b0cbbdaf1b13f87a0fab6a3f8e2fbafe067fe
  Magnet: f8dac2ffc845ffe68b2dd21c68a801f866f4a098

PODFILE CHECKSUM: bddc7447448cd7b79fdd053114a09f7848e5e093

COCOAPODS: 1.7.1
