// !$*UTF8*$!
{
	archiveVersion = 1;
	classes = {
	};
	objectVersion = 50;
	objects = {

/* Begin PBXBuildFile section */
		32A37C7B497058D30F018C9E /* Pods_MockingbirdTests.framework in Frameworks */ = {isa = PBXBuildFile; fileRef = 1E1ECC07EB05173CD8F5DD7E /* Pods_MockingbirdTests.framework */; };
		5DD94ECCB80A756CA8D1D0FD /* Pods_MockingbirdUITests.framework in Frameworks */ = {isa = PBXBuildFile; fileRef = 5ECE0FE5A1810B11947B1DDA /* Pods_MockingbirdUITests.framework */; };
		92B0E80422AF1EF50026758F /* AppDelegate.swift in Sources */ = {isa = PBXBuildFile; fileRef = 92B0E80322AF1EF50026758F /* AppDelegate.swift */; };
		92B0E80622AF1EF50026758F /* ViewController.swift in Sources */ = {isa = PBXBuildFile; fileRef = 92B0E80522AF1EF50026758F /* ViewController.swift */; };
		92B0E80822AF1EF60026758F /* Assets.xcassets in Resources */ = {isa = PBXBuildFile; fileRef = 92B0E80722AF1EF60026758F /* Assets.xcassets */; };
		92B0E80B22AF1EF60026758F /* Main.storyboard in Resources */ = {isa = PBXBuildFile; fileRef = 92B0E80922AF1EF60026758F /* Main.storyboard */; };
		92B0E81722AF1EF60026758F /* MockingbirdTests.swift in Sources */ = {isa = PBXBuildFile; fileRef = 92B0E81622AF1EF60026758F /* MockingbirdTests.swift */; };
		92B0E82222AF1EF60026758F /* MockingbirdUITests.swift in Sources */ = {isa = PBXBuildFile; fileRef = 92B0E82122AF1EF60026758F /* MockingbirdUITests.swift */; };
		92B0E83222AF39850026758F /* ClipboardController.swift in Sources */ = {isa = PBXBuildFile; fileRef = 92B0E83122AF39850026758F /* ClipboardController.swift */; };
		92B0E83422AF3E210026758F /* EventMonitor.swift in Sources */ = {isa = PBXBuildFile; fileRef = 92B0E83322AF3E210026758F /* EventMonitor.swift */; };
		B2F9EAC4C21905535CE6DC35 /* Pods_Mockingbird.framework in Frameworks */ = {isa = PBXBuildFile; fileRef = 3E5F6122284ABD38A1E02DF4 /* Pods_Mockingbird.framework */; };
/* End PBXBuildFile section */

/* Begin PBXContainerItemProxy section */
		92B0E81322AF1EF60026758F /* PBXContainerItemProxy */ = {
			isa = PBXContainerItemProxy;
			containerPortal = 92B0E7F822AF1EF50026758F /* Project object */;
			proxyType = 1;
			remoteGlobalIDString = 92B0E7FF22AF1EF50026758F;
			remoteInfo = Mockingbird;
		};
		92B0E81E22AF1EF60026758F /* PBXContainerItemProxy */ = {
			isa = PBXContainerItemProxy;
			containerPortal = 92B0E7F822AF1EF50026758F /* Project object */;
			proxyType = 1;
			remoteGlobalIDString = 92B0E7FF22AF1EF50026758F;
			remoteInfo = Mockingbird;
		};
/* End PBXContainerItemProxy section */

/* Begin PBXFileReference section */
		1B4A2A6338804A1E7437DAF6 /* Pods-MockingbirdTests.release.xcconfig */ = {isa = PBXFileReference; includeInIndex = 1; lastKnownFileType = text.xcconfig; name = "Pods-MockingbirdTests.release.xcconfig"; path = "Target Support Files/Pods-MockingbirdTests/Pods-MockingbirdTests.release.xcconfig"; sourceTree = "<group>"; };
		1E1ECC07EB05173CD8F5DD7E /* Pods_MockingbirdTests.framework */ = {isa = PBXFileReference; explicitFileType = wrapper.framework; includeInIndex = 0; path = Pods_MockingbirdTests.framework; sourceTree = BUILT_PRODUCTS_DIR; };
		3E5F6122284ABD38A1E02DF4 /* Pods_Mockingbird.framework */ = {isa = PBXFileReference; explicitFileType = wrapper.framework; includeInIndex = 0; path = Pods_Mockingbird.framework; sourceTree = BUILT_PRODUCTS_DIR; };
		5ECE0FE5A1810B11947B1DDA /* Pods_MockingbirdUITests.framework */ = {isa = PBXFileReference; explicitFileType = wrapper.framework; includeInIndex = 0; path = Pods_MockingbirdUITests.framework; sourceTree = BUILT_PRODUCTS_DIR; };
		617BC34315492A577EAA890C /* Pods-Mockingbird.release.xcconfig */ = {isa = PBXFileReference; includeInIndex = 1; lastKnownFileType = text.xcconfig; name = "Pods-Mockingbird.release.xcconfig"; path = "Target Support Files/Pods-Mockingbird/Pods-Mockingbird.release.xcconfig"; sourceTree = "<group>"; };
		92B0E80022AF1EF50026758F /* Mockingbird.app */ = {isa = PBXFileReference; explicitFileType = wrapper.application; includeInIndex = 0; path = Mockingbird.app; sourceTree = BUILT_PRODUCTS_DIR; };
		92B0E80322AF1EF50026758F /* AppDelegate.swift */ = {isa = PBXFileReference; lastKnownFileType = sourcecode.swift; path = AppDelegate.swift; sourceTree = "<group>"; };
		92B0E80522AF1EF50026758F /* ViewController.swift */ = {isa = PBXFileReference; lastKnownFileType = sourcecode.swift; path = ViewController.swift; sourceTree = "<group>"; };
		92B0E80722AF1EF60026758F /* Assets.xcassets */ = {isa = PBXFileReference; lastKnownFileType = folder.assetcatalog; path = Assets.xcassets; sourceTree = "<group>"; };
		92B0E80A22AF1EF60026758F /* Base */ = {isa = PBXFileReference; lastKnownFileType = file.storyboard; name = Base; path = Base.lproj/Main.storyboard; sourceTree = "<group>"; };
		92B0E80C22AF1EF60026758F /* Info.plist */ = {isa = PBXFileReference; lastKnownFileType = text.plist.xml; path = Info.plist; sourceTree = "<group>"; };
		92B0E80D22AF1EF60026758F /* Mockingbird.entitlements */ = {isa = PBXFileReference; lastKnownFileType = text.plist.entitlements; path = Mockingbird.entitlements; sourceTree = "<group>"; };
		92B0E81222AF1EF60026758F /* MockingbirdTests.xctest */ = {isa = PBXFileReference; explicitFileType = wrapper.cfbundle; includeInIndex = 0; path = MockingbirdTests.xctest; sourceTree = BUILT_PRODUCTS_DIR; };
		92B0E81622AF1EF60026758F /* MockingbirdTests.swift */ = {isa = PBXFileReference; lastKnownFileType = sourcecode.swift; path = MockingbirdTests.swift; sourceTree = "<group>"; };
		92B0E81822AF1EF60026758F /* Info.plist */ = {isa = PBXFileReference; lastKnownFileType = text.plist.xml; path = Info.plist; sourceTree = "<group>"; };
		92B0E81D22AF1EF60026758F /* MockingbirdUITests.xctest */ = {isa = PBXFileReference; explicitFileType = wrapper.cfbundle; includeInIndex = 0; path = MockingbirdUITests.xctest; sourceTree = BUILT_PRODUCTS_DIR; };
		92B0E82122AF1EF60026758F /* MockingbirdUITests.swift */ = {isa = PBXFileReference; lastKnownFileType = sourcecode.swift; path = MockingbirdUITests.swift; sourceTree = "<group>"; };
		92B0E82322AF1EF60026758F /* Info.plist */ = {isa = PBXFileReference; lastKnownFileType = text.plist.xml; path = Info.plist; sourceTree = "<group>"; };
		92B0E83122AF39850026758F /* ClipboardController.swift */ = {isa = PBXFileReference; lastKnownFileType = sourcecode.swift; path = ClipboardController.swift; sourceTree = "<group>"; };
		92B0E83322AF3E210026758F /* EventMonitor.swift */ = {isa = PBXFileReference; lastKnownFileType = sourcecode.swift; path = EventMonitor.swift; sourceTree = "<group>"; };
		9559BDE5136C77656A8B64C3 /* Pods-MockingbirdUITests.debug.xcconfig */ = {isa = PBXFileReference; includeInIndex = 1; lastKnownFileType = text.xcconfig; name = "Pods-MockingbirdUITests.debug.xcconfig"; path = "Target Support Files/Pods-MockingbirdUITests/Pods-MockingbirdUITests.debug.xcconfig"; sourceTree = "<group>"; };
		CA3D1378675FE80466BA98BC /* Pods-MockingbirdUITests.release.xcconfig */ = {isa = PBXFileReference; includeInIndex = 1; lastKnownFileType = text.xcconfig; name = "Pods-MockingbirdUITests.release.xcconfig"; path = "Target Support Files/Pods-MockingbirdUITests/Pods-MockingbirdUITests.release.xcconfig"; sourceTree = "<group>"; };
		CAD174535FAA994C09E24CD7 /* Pods-MockingbirdTests.debug.xcconfig */ = {isa = PBXFileReference; includeInIndex = 1; lastKnownFileType = text.xcconfig; name = "Pods-MockingbirdTests.debug.xcconfig"; path = "Target Support Files/Pods-MockingbirdTests/Pods-MockingbirdTests.debug.xcconfig"; sourceTree = "<group>"; };
		D5101667E797E925F1DB7F1C /* Pods-Mockingbird.debug.xcconfig */ = {isa = PBXFileReference; includeInIndex = 1; lastKnownFileType = text.xcconfig; name = "Pods-Mockingbird.debug.xcconfig"; path = "Target Support Files/Pods-Mockingbird/Pods-Mockingbird.debug.xcconfig"; sourceTree = "<group>"; };
/* End PBXFileReference section */

/* Begin PBXFrameworksBuildPhase section */
		92B0E7FD22AF1EF50026758F /* Frameworks */ = {
			isa = PBXFrameworksBuildPhase;
			buildActionMask = 2147483647;
			files = (
				B2F9EAC4C21905535CE6DC35 /* Pods_Mockingbird.framework in Frameworks */,
			);
			runOnlyForDeploymentPostprocessing = 0;
		};
		92B0E80F22AF1EF60026758F /* Frameworks */ = {
			isa = PBXFrameworksBuildPhase;
			buildActionMask = 2147483647;
			files = (
				32A37C7B497058D30F018C9E /* Pods_MockingbirdTests.framework in Frameworks */,
			);
			runOnlyForDeploymentPostprocessing = 0;
		};
		92B0E81A22AF1EF60026758F /* Frameworks */ = {
			isa = PBXFrameworksBuildPhase;
			buildActionMask = 2147483647;
			files = (
				5DD94ECCB80A756CA8D1D0FD /* Pods_MockingbirdUITests.framework in Frameworks */,
			);
			runOnlyForDeploymentPostprocessing = 0;
		};
/* End PBXFrameworksBuildPhase section */

/* Begin PBXGroup section */
		36680C37D4BE95DB6C9B28B3 /* Frameworks */ = {
			isa = PBXGroup;
			children = (
				3E5F6122284ABD38A1E02DF4 /* Pods_Mockingbird.framework */,
				1E1ECC07EB05173CD8F5DD7E /* Pods_MockingbirdTests.framework */,
				5ECE0FE5A1810B11947B1DDA /* Pods_MockingbirdUITests.framework */,
			);
			name = Frameworks;
			sourceTree = "<group>";
		};
		4029021EFF266D5C7C553591 /* Pods */ = {
			isa = PBXGroup;
			children = (
				D5101667E797E925F1DB7F1C /* Pods-Mockingbird.debug.xcconfig */,
				617BC34315492A577EAA890C /* Pods-Mockingbird.release.xcconfig */,
				CAD174535FAA994C09E24CD7 /* Pods-MockingbirdTests.debug.xcconfig */,
				1B4A2A6338804A1E7437DAF6 /* Pods-MockingbirdTests.release.xcconfig */,
				9559BDE5136C77656A8B64C3 /* Pods-MockingbirdUITests.debug.xcconfig */,
				CA3D1378675FE80466BA98BC /* Pods-MockingbirdUITests.release.xcconfig */,
			);
			name = Pods;
			path = Pods;
			sourceTree = "<group>";
		};
		92B0E7F722AF1EF50026758F = {
			isa = PBXGroup;
			children = (
				92B0E80222AF1EF50026758F /* Mockingbird */,
				92B0E81522AF1EF60026758F /* MockingbirdTests */,
				92B0E82022AF1EF60026758F /* MockingbirdUITests */,
				92B0E80122AF1EF50026758F /* Products */,
				4029021EFF266D5C7C553591 /* Pods */,
				36680C37D4BE95DB6C9B28B3 /* Frameworks */,
			);
			sourceTree = "<group>";
		};
		92B0E80122AF1EF50026758F /* Products */ = {
			isa = PBXGroup;
			children = (
				92B0E80022AF1EF50026758F /* Mockingbird.app */,
				92B0E81222AF1EF60026758F /* MockingbirdTests.xctest */,
				92B0E81D22AF1EF60026758F /* MockingbirdUITests.xctest */,
			);
			name = Products;
			sourceTree = "<group>";
		};
		92B0E80222AF1EF50026758F /* Mockingbird */ = {
			isa = PBXGroup;
			children = (
				92B0E80322AF1EF50026758F /* AppDelegate.swift */,
				92B0E80522AF1EF50026758F /* ViewController.swift */,
				92B0E80722AF1EF60026758F /* Assets.xcassets */,
				92B0E80922AF1EF60026758F /* Main.storyboard */,
				92B0E80C22AF1EF60026758F /* Info.plist */,
				92B0E80D22AF1EF60026758F /* Mockingbird.entitlements */,
				92B0E83122AF39850026758F /* ClipboardController.swift */,
				92B0E83322AF3E210026758F /* EventMonitor.swift */,
			);
			path = Mockingbird;
			sourceTree = "<group>";
		};
		92B0E81522AF1EF60026758F /* MockingbirdTests */ = {
			isa = PBXGroup;
			children = (
				92B0E81622AF1EF60026758F /* MockingbirdTests.swift */,
				92B0E81822AF1EF60026758F /* Info.plist */,
			);
			path = MockingbirdTests;
			sourceTree = "<group>";
		};
		92B0E82022AF1EF60026758F /* MockingbirdUITests */ = {
			isa = PBXGroup;
			children = (
				92B0E82122AF1EF60026758F /* MockingbirdUITests.swift */,
				92B0E82322AF1EF60026758F /* Info.plist */,
			);
			path = MockingbirdUITests;
			sourceTree = "<group>";
		};
/* End PBXGroup section */

/* Begin PBXNativeTarget section */
		92B0E7FF22AF1EF50026758F /* Mockingbird */ = {
			isa = PBXNativeTarget;
			buildConfigurationList = 92B0E82622AF1EF60026758F /* Build configuration list for PBXNativeTarget "Mockingbird" */;
			buildPhases = (
				BB76F2CD13C1DBD7E4DC2081 /* [CP] Check Pods Manifest.lock */,
				92B0E7FC22AF1EF50026758F /* Sources */,
				92B0E7FD22AF1EF50026758F /* Frameworks */,
				92B0E7FE22AF1EF50026758F /* Resources */,
				B8421CD68120A2606636FFF2 /* [CP] Embed Pods Frameworks */,
			);
			buildRules = (
			);
			dependencies = (
			);
			name = Mockingbird;
			productName = Mockingbird;
			productReference = 92B0E80022AF1EF50026758F /* Mockingbird.app */;
			productType = "com.apple.product-type.application";
		};
		92B0E81122AF1EF60026758F /* MockingbirdTests */ = {
			isa = PBXNativeTarget;
			buildConfigurationList = 92B0E82922AF1EF60026758F /* Build configuration list for PBXNativeTarget "MockingbirdTests" */;
			buildPhases = (
				50274894B8FE51F2515F4C0C /* [CP] Check Pods Manifest.lock */,
				92B0E80E22AF1EF60026758F /* Sources */,
				92B0E80F22AF1EF60026758F /* Frameworks */,
				92B0E81022AF1EF60026758F /* Resources */,
			);
			buildRules = (
			);
			dependencies = (
				92B0E81422AF1EF60026758F /* PBXTargetDependency */,
			);
			name = MockingbirdTests;
			productName = MockingbirdTests;
			productReference = 92B0E81222AF1EF60026758F /* MockingbirdTests.xctest */;
			productType = "com.apple.product-type.bundle.unit-test";
		};
		92B0E81C22AF1EF60026758F /* MockingbirdUITests */ = {
			isa = PBXNativeTarget;
			buildConfigurationList = 92B0E82C22AF1EF60026758F /* Build configuration list for PBXNativeTarget "MockingbirdUITests" */;
			buildPhases = (
				3B3B332B2E48791C922E5B14 /* [CP] Check Pods Manifest.lock */,
				92B0E81922AF1EF60026758F /* Sources */,
				92B0E81A22AF1EF60026758F /* Frameworks */,
				92B0E81B22AF1EF60026758F /* Resources */,
			);
			buildRules = (
			);
			dependencies = (
				92B0E81F22AF1EF60026758F /* PBXTargetDependency */,
			);
			name = MockingbirdUITests;
			productName = MockingbirdUITests;
			productReference = 92B0E81D22AF1EF60026758F /* MockingbirdUITests.xctest */;
			productType = "com.apple.product-type.bundle.ui-testing";
		};
/* End PBXNativeTarget section */

/* Begin PBXProject section */
		92B0E7F822AF1EF50026758F /* Project object */ = {
			isa = PBXProject;
			attributes = {
				LastSwiftUpdateCheck = 1010;
				LastUpgradeCheck = 1010;
				ORGANIZATIONNAME = "Brian Gonzalez";
				TargetAttributes = {
					92B0E7FF22AF1EF50026758F = {
						CreatedOnToolsVersion = 10.1;
					};
					92B0E81122AF1EF60026758F = {
						CreatedOnToolsVersion = 10.1;
						TestTargetID = 92B0E7FF22AF1EF50026758F;
					};
					92B0E81C22AF1EF60026758F = {
						CreatedOnToolsVersion = 10.1;
						TestTargetID = 92B0E7FF22AF1EF50026758F;
					};
				};
			};
			buildConfigurationList = 92B0E7FB22AF1EF50026758F /* Build configuration list for PBXProject "Mockingbird" */;
			compatibilityVersion = "Xcode 9.3";
			developmentRegion = en;
			hasScannedForEncodings = 0;
			knownRegions = (
				en,
				Base,
			);
			mainGroup = 92B0E7F722AF1EF50026758F;
			productRefGroup = 92B0E80122AF1EF50026758F /* Products */;
			projectDirPath = "";
			projectRoot = "";
			targets = (
				92B0E7FF22AF1EF50026758F /* Mockingbird */,
				92B0E81122AF1EF60026758F /* MockingbirdTests */,
				92B0E81C22AF1EF60026758F /* MockingbirdUITests */,
			);
		};
/* End PBXProject section */

/* Begin PBXResourcesBuildPhase section */
		92B0E7FE22AF1EF50026758F /* Resources */ = {
			isa = PBXResourcesBuildPhase;
			buildActionMask = 2147483647;
			files = (
				92B0E80822AF1EF60026758F /* Assets.xcassets in Resources */,
				92B0E80B22AF1EF60026758F /* Main.storyboard in Resources */,
			);
			runOnlyForDeploymentPostprocessing = 0;
		};
		92B0E81022AF1EF60026758F /* Resources */ = {
			isa = PBXResourcesBuildPhase;
			buildActionMask = 2147483647;
			files = (
			);
			runOnlyForDeploymentPostprocessing = 0;
		};
		92B0E81B22AF1EF60026758F /* Resources */ = {
			isa = PBXResourcesBuildPhase;
			buildActionMask = 2147483647;
			files = (
			);
			runOnlyForDeploymentPostprocessing = 0;
		};
/* End PBXResourcesBuildPhase section */

/* Begin PBXShellScriptBuildPhase section */
		3B3B332B2E48791C922E5B14 /* [CP] Check Pods Manifest.lock */ = {
			isa = PBXShellScriptBuildPhase;
			buildActionMask = 2147483647;
			files = (
			);
			inputFileListPaths = (
			);
			inputPaths = (
				"${PODS_PODFILE_DIR_PATH}/Podfile.lock",
				"${PODS_ROOT}/Manifest.lock",
			);
			name = "[CP] Check Pods Manifest.lock";
			outputFileListPaths = (
			);
			outputPaths = (
				"$(DERIVED_FILE_DIR)/Pods-MockingbirdUITests-checkManifestLockResult.txt",
			);
			runOnlyForDeploymentPostprocessing = 0;
			shellPath = /bin/sh;
			shellScript = "diff \"${PODS_PODFILE_DIR_PATH}/Podfile.lock\" \"${PODS_ROOT}/Manifest.lock\" > /dev/null\nif [ $? != 0 ] ; then\n    # print error to STDERR\n    echo \"error: The sandbox is not in sync with the Podfile.lock. Run 'pod install' or update your CocoaPods installation.\" >&2\n    exit 1\nfi\n# This output is used by Xcode 'outputs' to avoid re-running this script phase.\necho \"SUCCESS\" > \"${SCRIPT_OUTPUT_FILE_0}\"\n";
			showEnvVarsInLog = 0;
		};
		50274894B8FE51F2515F4C0C /* [CP] Check Pods Manifest.lock */ = {
			isa = PBXShellScriptBuildPhase;
			buildActionMask = 2147483647;
			files = (
			);
			inputFileListPaths = (
			);
			inputPaths = (
				"${PODS_PODFILE_DIR_PATH}/Podfile.lock",
				"${PODS_ROOT}/Manifest.lock",
			);
			name = "[CP] Check Pods Manifest.lock";
			outputFileListPaths = (
			);
			outputPaths = (
				"$(DERIVED_FILE_DIR)/Pods-MockingbirdTests-checkManifestLockResult.txt",
			);
			runOnlyForDeploymentPostprocessing = 0;
			shellPath = /bin/sh;
			shellScript = "diff \"${PODS_PODFILE_DIR_PATH}/Podfile.lock\" \"${PODS_ROOT}/Manifest.lock\" > /dev/null\nif [ $? != 0 ] ; then\n    # print error to STDERR\n    echo \"error: The sandbox is not in sync with the Podfile.lock. Run 'pod install' or update your CocoaPods installation.\" >&2\n    exit 1\nfi\n# This output is used by Xcode 'outputs' to avoid re-running this script phase.\necho \"SUCCESS\" > \"${SCRIPT_OUTPUT_FILE_0}\"\n";
			showEnvVarsInLog = 0;
		};
		B8421CD68120A2606636FFF2 /* [CP] Embed Pods Frameworks */ = {
			isa = PBXShellScriptBuildPhase;
			buildActionMask = 2147483647;
			files = (
			);
			inputFileListPaths = (
				"${PODS_ROOT}/Target Support Files/Pods-Mockingbird/Pods-Mockingbird-frameworks-${CONFIGURATION}-input-files.xcfilelist",
			);
			name = "[CP] Embed Pods Frameworks";
			outputFileListPaths = (
				"${PODS_ROOT}/Target Support Files/Pods-Mockingbird/Pods-Mockingbird-frameworks-${CONFIGURATION}-output-files.xcfilelist",
			);
			runOnlyForDeploymentPostprocessing = 0;
			shellPath = /bin/sh;
			shellScript = "\"${PODS_ROOT}/Target Support Files/Pods-Mockingbird/Pods-Mockingbird-frameworks.sh\"\n";
			showEnvVarsInLog = 0;
		};
		BB76F2CD13C1DBD7E4DC2081 /* [CP] Check Pods Manifest.lock */ = {
			isa = PBXShellScriptBuildPhase;
			buildActionMask = 2147483647;
			files = (
			);
			inputFileListPaths = (
			);
			inputPaths = (
				"${PODS_PODFILE_DIR_PATH}/Podfile.lock",
				"${PODS_ROOT}/Manifest.lock",
			);
			name = "[CP] Check Pods Manifest.lock";
			outputFileListPaths = (
			);
			outputPaths = (
				"$(DERIVED_FILE_DIR)/Pods-Mockingbird-checkManifestLockResult.txt",
			);
			runOnlyForDeploymentPostprocessing = 0;
			shellPath = /bin/sh;
			shellScript = "diff \"${PODS_PODFILE_DIR_PATH}/Podfile.lock\" \"${PODS_ROOT}/Manifest.lock\" > /dev/null\nif [ $? != 0 ] ; then\n    # print error to STDERR\n    echo \"error: The sandbox is not in sync with the Podfile.lock. Run 'pod install' or update your CocoaPods installation.\" >&2\n    exit 1\nfi\n# This output is used by Xcode 'outputs' to avoid re-running this script phase.\necho \"SUCCESS\" > \"${SCRIPT_OUTPUT_FILE_0}\"\n";
			showEnvVarsInLog = 0;
		};
/* End PBXShellScriptBuildPhase section */

/* Begin PBXSourcesBuildPhase section */
		92B0E7FC22AF1EF50026758F /* Sources */ = {
			isa = PBXSourcesBuildPhase;
			buildActionMask = 2147483647;
			files = (
				92B0E83222AF39850026758F /* ClipboardController.swift in Sources */,
				92B0E80622AF1EF50026758F /* ViewController.swift in Sources */,
				92B0E80422AF1EF50026758F /* AppDelegate.swift in Sources */,
				92B0E83422AF3E210026758F /* EventMonitor.swift in Sources */,
			);
			runOnlyForDeploymentPostprocessing = 0;
		};
		92B0E80E22AF1EF60026758F /* Sources */ = {
			isa = PBXSourcesBuildPhase;
			buildActionMask = 2147483647;
			files = (
				92B0E81722AF1EF60026758F /* MockingbirdTests.swift in Sources */,
			);
			runOnlyForDeploymentPostprocessing = 0;
		};
		92B0E81922AF1EF60026758F /* Sources */ = {
			isa = PBXSourcesBuildPhase;
			buildActionMask = 2147483647;
			files = (
				92B0E82222AF1EF60026758F /* MockingbirdUITests.swift in Sources */,
			);
			runOnlyForDeploymentPostprocessing = 0;
		};
/* End PBXSourcesBuildPhase section */

/* Begin PBXTargetDependency section */
		92B0E81422AF1EF60026758F /* PBXTargetDependency */ = {
			isa = PBXTargetDependency;
			target = 92B0E7FF22AF1EF50026758F /* Mockingbird */;
			targetProxy = 92B0E81322AF1EF60026758F /* PBXContainerItemProxy */;
		};
		92B0E81F22AF1EF60026758F /* PBXTargetDependency */ = {
			isa = PBXTargetDependency;
			target = 92B0E7FF22AF1EF50026758F /* Mockingbird */;
			targetProxy = 92B0E81E22AF1EF60026758F /* PBXContainerItemProxy */;
		};
/* End PBXTargetDependency section */

/* Begin PBXVariantGroup section */
		92B0E80922AF1EF60026758F /* Main.storyboard */ = {
			isa = PBXVariantGroup;
			children = (
				92B0E80A22AF1EF60026758F /* Base */,
			);
			name = Main.storyboard;
			sourceTree = "<group>";
		};
/* End PBXVariantGroup section */

/* Begin XCBuildConfiguration section */
		92B0E82422AF1EF60026758F /* Debug */ = {
			isa = XCBuildConfiguration;
			buildSettings = {
				ALWAYS_SEARCH_USER_PATHS = NO;
				CLANG_ANALYZER_NONNULL = YES;
				CLANG_ANALYZER_NUMBER_OBJECT_CONVERSION = YES_AGGRESSIVE;
				CLANG_CXX_LANGUAGE_STANDARD = "gnu++14";
				CLANG_CXX_LIBRARY = "libc++";
				CLANG_ENABLE_MODULES = YES;
				CLANG_ENABLE_OBJC_ARC = YES;
				CLANG_ENABLE_OBJC_WEAK = YES;
				CLANG_WARN_BLOCK_CAPTURE_AUTORELEASING = YES;
				CLANG_WARN_BOOL_CONVERSION = YES;
				CLANG_WARN_COMMA = YES;
				CLANG_WARN_CONSTANT_CONVERSION = YES;
				CLANG_WARN_DEPRECATED_OBJC_IMPLEMENTATIONS = YES;
				CLANG_WARN_DIRECT_OBJC_ISA_USAGE = YES_ERROR;
				CLANG_WARN_DOCUMENTATION_COMMENTS = YES;
				CLANG_WARN_EMPTY_BODY = YES;
				CLANG_WARN_ENUM_CONVERSION = YES;
				CLANG_WARN_INFINITE_RECURSION = YES;
				CLANG_WARN_INT_CONVERSION = YES;
				CLANG_WARN_NON_LITERAL_NULL_CONVERSION = YES;
				CLANG_WARN_OBJC_IMPLICIT_RETAIN_SELF = YES;
				CLANG_WARN_OBJC_LITERAL_CONVERSION = YES;
				CLANG_WARN_OBJC_ROOT_CLASS = YES_ERROR;
				CLANG_WARN_RANGE_LOOP_ANALYSIS = YES;
				CLANG_WARN_STRICT_PROTOTYPES = YES;
				CLANG_WARN_SUSPICIOUS_MOVE = YES;
				CLANG_WARN_UNGUARDED_AVAILABILITY = YES_AGGRESSIVE;
				CLANG_WARN_UNREACHABLE_CODE = YES;
				CLANG_WARN__DUPLICATE_METHOD_MATCH = YES;
				CODE_SIGN_IDENTITY = "Mac Developer";
				COPY_PHASE_STRIP = NO;
				DEBUG_INFORMATION_FORMAT = dwarf;
				ENABLE_STRICT_OBJC_MSGSEND = YES;
				ENABLE_TESTABILITY = YES;
				GCC_C_LANGUAGE_STANDARD = gnu11;
				GCC_DYNAMIC_NO_PIC = NO;
				GCC_NO_COMMON_BLOCKS = YES;
				GCC_OPTIMIZATION_LEVEL = 0;
				GCC_PREPROCESSOR_DEFINITIONS = (
					"DEBUG=1",
					"$(inherited)",
				);
				GCC_WARN_64_TO_32_BIT_CONVERSION = YES;
				GCC_WARN_ABOUT_RETURN_TYPE = YES_ERROR;
				GCC_WARN_UNDECLARED_SELECTOR = YES;
				GCC_WARN_UNINITIALIZED_AUTOS = YES_AGGRESSIVE;
				GCC_WARN_UNUSED_FUNCTION = YES;
				GCC_WARN_UNUSED_VARIABLE = YES;
				MACOSX_DEPLOYMENT_TARGET = 10.14;
				MTL_ENABLE_DEBUG_INFO = INCLUDE_SOURCE;
				MTL_FAST_MATH = YES;
				ONLY_ACTIVE_ARCH = YES;
				SDKROOT = macosx;
				SWIFT_ACTIVE_COMPILATION_CONDITIONS = DEBUG;
				SWIFT_OPTIMIZATION_LEVEL = "-Onone";
			};
			name = Debug;
		};
		92B0E82522AF1EF60026758F /* Release */ = {
			isa = XCBuildConfiguration;
			buildSettings = {
				ALWAYS_SEARCH_USER_PATHS = NO;
				CLANG_ANALYZER_NONNULL = YES;
				CLANG_ANALYZER_NUMBER_OBJECT_CONVERSION = YES_AGGRESSIVE;
				CLANG_CXX_LANGUAGE_STANDARD = "gnu++14";
				CLANG_CXX_LIBRARY = "libc++";
				CLANG_ENABLE_MODULES = YES;
				CLANG_ENABLE_OBJC_ARC = YES;
				CLANG_ENABLE_OBJC_WEAK = YES;
				CLANG_WARN_BLOCK_CAPTURE_AUTORELEASING = YES;
				CLANG_WARN_BOOL_CONVERSION = YES;
				CLANG_WARN_COMMA = YES;
				CLANG_WARN_CONSTANT_CONVERSION = YES;
				CLANG_WARN_DEPRECATED_OBJC_IMPLEMENTATIONS = YES;
				CLANG_WARN_DIRECT_OBJC_ISA_USAGE = YES_ERROR;
				CLANG_WARN_DOCUMENTATION_COMMENTS = YES;
				CLANG_WARN_EMPTY_BODY = YES;
				CLANG_WARN_ENUM_CONVERSION = YES;
				CLANG_WARN_INFINITE_RECURSION = YES;
				CLANG_WARN_INT_CONVERSION = YES;
				CLANG_WARN_NON_LITERAL_NULL_CONVERSION = YES;
				CLANG_WARN_OBJC_IMPLICIT_RETAIN_SELF = YES;
				CLANG_WARN_OBJC_LITERAL_CONVERSION = YES;
				CLANG_WARN_OBJC_ROOT_CLASS = YES_ERROR;
				CLANG_WARN_RANGE_LOOP_ANALYSIS = YES;
				CLANG_WARN_STRICT_PROTOTYPES = YES;
				CLANG_WARN_SUSPICIOUS_MOVE = YES;
				CLANG_WARN_UNGUARDED_AVAILABILITY = YES_AGGRESSIVE;
				CLANG_WARN_UNREACHABLE_CODE = YES;
				CLANG_WARN__DUPLICATE_METHOD_MATCH = YES;
				CODE_SIGN_IDENTITY = "Mac Developer";
				COPY_PHASE_STRIP = NO;
				DEBUG_INFORMATION_FORMAT = "dwarf-with-dsym";
				ENABLE_NS_ASSERTIONS = NO;
				ENABLE_STRICT_OBJC_MSGSEND = YES;
				GCC_C_LANGUAGE_STANDARD = gnu11;
				GCC_NO_COMMON_BLOCKS = YES;
				GCC_WARN_64_TO_32_BIT_CONVERSION = YES;
				GCC_WARN_ABOUT_RETURN_TYPE = YES_ERROR;
				GCC_WARN_UNDECLARED_SELECTOR = YES;
				GCC_WARN_UNINITIALIZED_AUTOS = YES_AGGRESSIVE;
				GCC_WARN_UNUSED_FUNCTION = YES;
				GCC_WARN_UNUSED_VARIABLE = YES;
				MACOSX_DEPLOYMENT_TARGET = 10.14;
				MTL_ENABLE_DEBUG_INFO = NO;
				MTL_FAST_MATH = YES;
				SDKROOT = macosx;
				SWIFT_COMPILATION_MODE = wholemodule;
				SWIFT_OPTIMIZATION_LEVEL = "-O";
			};
			name = Release;
		};
		92B0E82722AF1EF60026758F /* Debug */ = {
			isa = XCBuildConfiguration;
			baseConfigurationReference = D5101667E797E925F1DB7F1C /* Pods-Mockingbird.debug.xcconfig */;
			buildSettings = {
				ASSETCATALOG_COMPILER_APPICON_NAME = AppIcon;
				CODE_SIGN_ENTITLEMENTS = Mockingbird/Mockingbird.entitlements;
				CODE_SIGN_STYLE = Automatic;
				COMBINE_HIDPI_IMAGES = YES;
				DEVELOPMENT_TEAM = 7WK64523P9;
				INFOPLIST_FILE = Mockingbird/Info.plist;
				LD_RUNPATH_SEARCH_PATHS = (
					"$(inherited)",
					"@executable_path/../Frameworks",
				);
				PRODUCT_BUNDLE_IDENTIFIER = com.developerbriangonzalez.Mockingbird;
				PRODUCT_NAME = "$(TARGET_NAME)";
				SWIFT_VERSION = 4.2;
			};
			name = Debug;
		};
		92B0E82822AF1EF60026758F /* Release */ = {
			isa = XCBuildConfiguration;
			baseConfigurationReference = 617BC34315492A577EAA890C /* Pods-Mockingbird.release.xcconfig */;
			buildSettings = {
				ASSETCATALOG_COMPILER_APPICON_NAME = AppIcon;
				CODE_SIGN_ENTITLEMENTS = Mockingbird/Mockingbird.entitlements;
				CODE_SIGN_STYLE = Automatic;
				COMBINE_HIDPI_IMAGES = YES;
				DEVELOPMENT_TEAM = 7WK64523P9;
				INFOPLIST_FILE = Mockingbird/Info.plist;
				LD_RUNPATH_SEARCH_PATHS = (
					"$(inherited)",
					"@executable_path/../Frameworks",
				);
				PRODUCT_BUNDLE_IDENTIFIER = com.developerbriangonzalez.Mockingbird;
				PRODUCT_NAME = "$(TARGET_NAME)";
				SWIFT_VERSION = 4.2;
			};
			name = Release;
		};
		92B0E82A22AF1EF60026758F /* Debug */ = {
			isa = XCBuildConfiguration;
			baseConfigurationReference = CAD174535FAA994C09E24CD7 /* Pods-MockingbirdTests.debug.xcconfig */;
			buildSettings = {
				ALWAYS_EMBED_SWIFT_STANDARD_LIBRARIES = YES;
				BUNDLE_LOADER = "$(TEST_HOST)";
				CODE_SIGN_STYLE = Automatic;
				COMBINE_HIDPI_IMAGES = YES;
				DEVELOPMENT_TEAM = 7WK64523P9;
				INFOPLIST_FILE = MockingbirdTests/Info.plist;
				LD_RUNPATH_SEARCH_PATHS = (
					"$(inherited)",
					"@executable_path/../Frameworks",
					"@loader_path/../Frameworks",
				);
				PRODUCT_BUNDLE_IDENTIFIER = com.developerbriangonzalez.MockingbirdTests;
				PRODUCT_NAME = "$(TARGET_NAME)";
				SWIFT_VERSION = 4.2;
				TEST_HOST = "$(BUILT_PRODUCTS_DIR)/Mockingbird.app/Contents/MacOS/Mockingbird";
			};
			name = Debug;
		};
		92B0E82B22AF1EF60026758F /* Release */ = {
			isa = XCBuildConfiguration;
			baseConfigurationReference = 1B4A2A6338804A1E7437DAF6 /* Pods-MockingbirdTests.release.xcconfig */;
			buildSettings = {
				ALWAYS_EMBED_SWIFT_STANDARD_LIBRARIES = YES;
				BUNDLE_LOADER = "$(TEST_HOST)";
				CODE_SIGN_STYLE = Automatic;
				COMBINE_HIDPI_IMAGES = YES;
				DEVELOPMENT_TEAM = 7WK64523P9;
				INFOPLIST_FILE = MockingbirdTests/Info.plist;
				LD_RUNPATH_SEARCH_PATHS = (
					"$(inherited)",
					"@executable_path/../Frameworks",
					"@loader_path/../Frameworks",
				);
				PRODUCT_BUNDLE_IDENTIFIER = com.developerbriangonzalez.MockingbirdTests;
				PRODUCT_NAME = "$(TARGET_NAME)";
				SWIFT_VERSION = 4.2;
				TEST_HOST = "$(BUILT_PRODUCTS_DIR)/Mockingbird.app/Contents/MacOS/Mockingbird";
			};
			name = Release;
		};
		92B0E82D22AF1EF60026758F /* Debug */ = {
			isa = XCBuildConfiguration;
			baseConfigurationReference = 9559BDE5136C77656A8B64C3 /* Pods-MockingbirdUITests.debug.xcconfig */;
			buildSettings = {
				ALWAYS_EMBED_SWIFT_STANDARD_LIBRARIES = YES;
				CODE_SIGN_STYLE = Automatic;
				COMBINE_HIDPI_IMAGES = YES;
				DEVELOPMENT_TEAM = 7WK64523P9;
				INFOPLIST_FILE = MockingbirdUITests/Info.plist;
				LD_RUNPATH_SEARCH_PATHS = (
					"$(inherited)",
					"@executable_path/../Frameworks",
					"@loader_path/../Frameworks",
				);
				PRODUCT_BUNDLE_IDENTIFIER = com.developerbriangonzalez.MockingbirdUITests;
				PRODUCT_NAME = "$(TARGET_NAME)";
				SWIFT_VERSION = 4.2;
				TEST_TARGET_NAME = Mockingbird;
			};
			name = Debug;
		};
		92B0E82E22AF1EF60026758F /* Release */ = {
			isa = XCBuildConfiguration;
			baseConfigurationReference = CA3D1378675FE80466BA98BC /* Pods-MockingbirdUITests.release.xcconfig */;
			buildSettings = {
				ALWAYS_EMBED_SWIFT_STANDARD_LIBRARIES = YES;
				CODE_SIGN_STYLE = Automatic;
				COMBINE_HIDPI_IMAGES = YES;
				DEVELOPMENT_TEAM = 7WK64523P9;
				INFOPLIST_FILE = MockingbirdUITests/Info.plist;
				LD_RUNPATH_SEARCH_PATHS = (
					"$(inherited)",
					"@executable_path/../Frameworks",
					"@loader_path/../Frameworks",
				);
				PRODUCT_BUNDLE_IDENTIFIER = com.developerbriangonzalez.MockingbirdUITests;
				PRODUCT_NAME = "$(TARGET_NAME)";
				SWIFT_VERSION = 4.2;
				TEST_TARGET_NAME = Mockingbird;
			};
			name = Release;
		};
/* End XCBuildConfiguration section */

/* Begin XCConfigurationList section */
		92B0E7FB22AF1EF50026758F /* Build configuration list for PBXProject "Mockingbird" */ = {
			isa = XCConfigurationList;
			buildConfigurations = (
				92B0E82422AF1EF60026758F /* Debug */,
				92B0E82522AF1EF60026758F /* Release */,
			);
			defaultConfigurationIsVisible = 0;
			defaultConfigurationName = Release;
		};
		92B0E82622AF1EF60026758F /* Build configuration list for PBXNativeTarget "Mockingbird" */ = {
			isa = XCConfigurationList;
			buildConfigurations = (
				92B0E82722AF1EF60026758F /* Debug */,
				92B0E82822AF1EF60026758F /* Release */,
			);
			defaultConfigurationIsVisible = 0;
			defaultConfigurationName = Release;
		};
		92B0E82922AF1EF60026758F /* Build configuration list for PBXNativeTarget "MockingbirdTests" */ = {
			isa = XCConfigurationList;
			buildConfigurations = (
				92B0E82A22AF1EF60026758F /* Debug */,
				92B0E82B22AF1EF60026758F /* Release */,
			);
			defaultConfigurationIsVisible = 0;
			defaultConfigurationName = Release;
		};
		92B0E82C22AF1EF60026758F /* Build configuration list for PBXNativeTarget "MockingbirdUITests" */ = {
			isa = XCConfigurationList;
			buildConfigurations = (
				92B0E82D22AF1EF60026758F /* Debug */,
				92B0E82E22AF1EF60026758F /* Release */,
			);
			defaultConfigurationIsVisible = 0;
			defaultConfigurationName = Release;
		};
/* End XCConfigurationList section */
	};
	rootObject = 92B0E7F822AF1EF50026758F /* Project object */;
}
